// !$*UTF8*$!
{
	archiveVersion = 1;
	classes = {
	};
	objectVersion = 56;
	objects = {

/* Begin PBXBuildFile section */
		770375792AD832B40034C47F /* VideoPicker.swift in Sources */ = {isa = PBXBuildFile; fileRef = 770375782AD832B40034C47F /* VideoPicker.swift */; };
		7703757B2AD877040034C47F /* DefaultTextFieldStyle.swift in Sources */ = {isa = PBXBuildFile; fileRef = 7703757A2AD877040034C47F /* DefaultTextFieldStyle.swift */; };
		77116BD92AFE6774000BB64C /* VideoResponseInfo.swift in Sources */ = {isa = PBXBuildFile; fileRef = 77116BD82AFE6774000BB64C /* VideoResponseInfo.swift */; };
		77116BDB2AFEBFA8000BB64C /* DefaultTextField.swift in Sources */ = {isa = PBXBuildFile; fileRef = 77116BDA2AFEBFA8000BB64C /* DefaultTextField.swift */; };
		7742EC8E2AD93E6A0043D2BF /* DependenciesManager.swift in Sources */ = {isa = PBXBuildFile; fileRef = 7742EC8D2AD93E6A0043D2BF /* DependenciesManager.swift */; };
		7789473C2ACFFEFD00DAF8DB /* ExampleApp.swift in Sources */ = {isa = PBXBuildFile; fileRef = 7789473B2ACFFEFD00DAF8DB /* ExampleApp.swift */; };
		7789473E2ACFFEFD00DAF8DB /* ContentView.swift in Sources */ = {isa = PBXBuildFile; fileRef = 7789473D2ACFFEFD00DAF8DB /* ContentView.swift */; };
		778947402ACFFEFF00DAF8DB /* Assets.xcassets in Resources */ = {isa = PBXBuildFile; fileRef = 7789473F2ACFFEFF00DAF8DB /* Assets.xcassets */; };
		778947432ACFFEFF00DAF8DB /* Preview Assets.xcassets in Resources */ = {isa = PBXBuildFile; fileRef = 778947422ACFFEFF00DAF8DB /* Preview Assets.xcassets */; };
		7789474E2AD0032900DAF8DB /* VideoListView.swift in Sources */ = {isa = PBXBuildFile; fileRef = 7789474D2AD0032900DAF8DB /* VideoListView.swift */; };
		778947502AD0033800DAF8DB /* VideoListViewModel.swift in Sources */ = {isa = PBXBuildFile; fileRef = 7789474F2AD0033800DAF8DB /* VideoListViewModel.swift */; };
		778947522AD0035900DAF8DB /* BunnyNetClient+Extension.swift in Sources */ = {isa = PBXBuildFile; fileRef = 778947512AD0035900DAF8DB /* BunnyNetClient+Extension.swift */; };
		778947552AD0037900DAF8DB /* BunnyNetClient in Frameworks */ = {isa = PBXBuildFile; productRef = 778947542AD0037900DAF8DB /* BunnyNetClient */; };
		7789CF9C2AD6AAEC00CC8BCE /* VideoUploaderTypesView.swift in Sources */ = {isa = PBXBuildFile; fileRef = 7789CF9B2AD6AAEC00CC8BCE /* VideoUploaderTypesView.swift */; };
		7789CF9F2AD6ABEC00CC8BCE /* VideoUploaderView.swift in Sources */ = {isa = PBXBuildFile; fileRef = 7789CF9E2AD6ABEC00CC8BCE /* VideoUploaderView.swift */; };
		7789CFA42AD6AD6800CC8BCE /* BunnyNetVideoUploader in Frameworks */ = {isa = PBXBuildFile; productRef = 7789CFA32AD6AD6800CC8BCE /* BunnyNetVideoUploader */; };
		7789CFA72AD6C86E00CC8BCE /* UploadedRowView.swift in Sources */ = {isa = PBXBuildFile; fileRef = 7789CFA62AD6C86E00CC8BCE /* UploadedRowView.swift */; };
		7789CFAA2AD6C8B600CC8BCE /* UploadStatusIndicator.swift in Sources */ = {isa = PBXBuildFile; fileRef = 7789CFA92AD6C8B600CC8BCE /* UploadStatusIndicator.swift */; };
		7789CFAC2AD6C8D700CC8BCE /* UploadListCategory.swift in Sources */ = {isa = PBXBuildFile; fileRef = 7789CFAB2AD6C8D700CC8BCE /* UploadListCategory.swift */; };
		7789CFAE2AD6CA2A00CC8BCE /* FailedRowView.swift in Sources */ = {isa = PBXBuildFile; fileRef = 7789CFAD2AD6CA2A00CC8BCE /* FailedRowView.swift */; };
		7789CFB02AD6CA6200CC8BCE /* ProgressRowView.swift in Sources */ = {isa = PBXBuildFile; fileRef = 7789CFAF2AD6CA6200CC8BCE /* ProgressRowView.swift */; };
		7789CFB22AD6CB5B00CC8BCE /* UploadRecordRow.swift in Sources */ = {isa = PBXBuildFile; fileRef = 7789CFB12AD6CB5B00CC8BCE /* UploadRecordRow.swift */; };
		7789CFB42AD6DCCC00CC8BCE /* UploadActionImage.swift in Sources */ = {isa = PBXBuildFile; fileRef = 7789CFB32AD6DCCC00CC8BCE /* UploadActionImage.swift */; };
		7789CFB62AD6DD0700CC8BCE /* DestructiveButton.swift in Sources */ = {isa = PBXBuildFile; fileRef = 7789CFB52AD6DD0700CC8BCE /* DestructiveButton.swift */; };
		77950FA22ADDA60F0091A498 /* VideoUploaderView+Factory.swift in Sources */ = {isa = PBXBuildFile; fileRef = 77950FA12ADDA60F0091A498 /* VideoUploaderView+Factory.swift */; };
		77950FA72ADEBB0D0091A498 /* VideoListRow.swift in Sources */ = {isa = PBXBuildFile; fileRef = 77950FA62ADEBB0D0091A498 /* VideoListRow.swift */; };
		77950FB02AE2D3340091A498 /* VideoPlayerDemoView.swift in Sources */ = {isa = PBXBuildFile; fileRef = 77950FAF2AE2D3340091A498 /* VideoPlayerDemoView.swift */; };
		77950FB22AE2D36A0091A498 /* BunnyNetVideoPlayer in Frameworks */ = {isa = PBXBuildFile; productRef = 77950FB12AE2D36A0091A498 /* BunnyNetVideoPlayer */; };
		77FB975D2AD9AD0B004CED84 /* AppDelegate.swift in Sources */ = {isa = PBXBuildFile; fileRef = 77FB975C2AD9AD0B004CED84 /* AppDelegate.swift */; };
		77FB976B2ADD339C004CED84 /* VideoUploaderViewModel.swift in Sources */ = {isa = PBXBuildFile; fileRef = 77FB976A2ADD339C004CED84 /* VideoUploaderViewModel.swift */; };
		77FB976D2ADD5E0C004CED84 /* BunnyNetService.swift in Sources */ = {isa = PBXBuildFile; fileRef = 77FB976C2ADD5E0C004CED84 /* BunnyNetService.swift */; };
/* End PBXBuildFile section */

/* Begin PBXFileReference section */
		770375782AD832B40034C47F /* VideoPicker.swift */ = {isa = PBXFileReference; lastKnownFileType = sourcecode.swift; path = VideoPicker.swift; sourceTree = "<group>"; };
		7703757A2AD877040034C47F /* DefaultTextFieldStyle.swift */ = {isa = PBXFileReference; lastKnownFileType = sourcecode.swift; path = DefaultTextFieldStyle.swift; sourceTree = "<group>"; };
		77116BD82AFE6774000BB64C /* VideoResponseInfo.swift */ = {isa = PBXFileReference; lastKnownFileType = sourcecode.swift; path = VideoResponseInfo.swift; sourceTree = "<group>"; };
		77116BDA2AFEBFA8000BB64C /* DefaultTextField.swift */ = {isa = PBXFileReference; lastKnownFileType = sourcecode.swift; path = DefaultTextField.swift; sourceTree = "<group>"; };
		7742EC8D2AD93E6A0043D2BF /* DependenciesManager.swift */ = {isa = PBXFileReference; lastKnownFileType = sourcecode.swift; path = DependenciesManager.swift; sourceTree = "<group>"; };
		7747D2242AD01D9C005A1070 /* bunny-stream-ios */ = {isa = PBXFileReference; lastKnownFileType = wrapper; name = "bunny-stream-ios"; path = ..; sourceTree = "<group>"; };
		778947382ACFFEFD00DAF8DB /* Example-App.app */ = {isa = PBXFileReference; explicitFileType = wrapper.application; includeInIndex = 0; path = "Example-App.app"; sourceTree = BUILT_PRODUCTS_DIR; };
		7789473B2ACFFEFD00DAF8DB /* ExampleApp.swift */ = {isa = PBXFileReference; lastKnownFileType = sourcecode.swift; path = ExampleApp.swift; sourceTree = "<group>"; };
		7789473D2ACFFEFD00DAF8DB /* ContentView.swift */ = {isa = PBXFileReference; lastKnownFileType = sourcecode.swift; path = ContentView.swift; sourceTree = "<group>"; };
		7789473F2ACFFEFF00DAF8DB /* Assets.xcassets */ = {isa = PBXFileReference; lastKnownFileType = folder.assetcatalog; path = Assets.xcassets; sourceTree = "<group>"; };
		778947422ACFFEFF00DAF8DB /* Preview Assets.xcassets */ = {isa = PBXFileReference; lastKnownFileType = folder.assetcatalog; path = "Preview Assets.xcassets"; sourceTree = "<group>"; };
		7789474D2AD0032900DAF8DB /* VideoListView.swift */ = {isa = PBXFileReference; lastKnownFileType = sourcecode.swift; path = VideoListView.swift; sourceTree = "<group>"; };
		7789474F2AD0033800DAF8DB /* VideoListViewModel.swift */ = {isa = PBXFileReference; lastKnownFileType = sourcecode.swift; path = VideoListViewModel.swift; sourceTree = "<group>"; };
		778947512AD0035900DAF8DB /* BunnyNetClient+Extension.swift */ = {isa = PBXFileReference; lastKnownFileType = sourcecode.swift; path = "BunnyNetClient+Extension.swift"; sourceTree = "<group>"; };
		7789CF9B2AD6AAEC00CC8BCE /* VideoUploaderTypesView.swift */ = {isa = PBXFileReference; lastKnownFileType = sourcecode.swift; path = VideoUploaderTypesView.swift; sourceTree = "<group>"; };
		7789CF9E2AD6ABEC00CC8BCE /* VideoUploaderView.swift */ = {isa = PBXFileReference; lastKnownFileType = sourcecode.swift; path = VideoUploaderView.swift; sourceTree = "<group>"; };
		7789CFA62AD6C86E00CC8BCE /* UploadedRowView.swift */ = {isa = PBXFileReference; lastKnownFileType = sourcecode.swift; path = UploadedRowView.swift; sourceTree = "<group>"; };
		7789CFA92AD6C8B600CC8BCE /* UploadStatusIndicator.swift */ = {isa = PBXFileReference; lastKnownFileType = sourcecode.swift; path = UploadStatusIndicator.swift; sourceTree = "<group>"; };
		7789CFAB2AD6C8D700CC8BCE /* UploadListCategory.swift */ = {isa = PBXFileReference; lastKnownFileType = sourcecode.swift; path = UploadListCategory.swift; sourceTree = "<group>"; };
		7789CFAD2AD6CA2A00CC8BCE /* FailedRowView.swift */ = {isa = PBXFileReference; lastKnownFileType = sourcecode.swift; path = FailedRowView.swift; sourceTree = "<group>"; };
		7789CFAF2AD6CA6200CC8BCE /* ProgressRowView.swift */ = {isa = PBXFileReference; lastKnownFileType = sourcecode.swift; path = ProgressRowView.swift; sourceTree = "<group>"; };
		7789CFB12AD6CB5B00CC8BCE /* UploadRecordRow.swift */ = {isa = PBXFileReference; lastKnownFileType = sourcecode.swift; path = UploadRecordRow.swift; sourceTree = "<group>"; };
		7789CFB32AD6DCCC00CC8BCE /* UploadActionImage.swift */ = {isa = PBXFileReference; lastKnownFileType = sourcecode.swift; path = UploadActionImage.swift; sourceTree = "<group>"; };
		7789CFB52AD6DD0700CC8BCE /* DestructiveButton.swift */ = {isa = PBXFileReference; lastKnownFileType = sourcecode.swift; path = DestructiveButton.swift; sourceTree = "<group>"; };
		77950FA12ADDA60F0091A498 /* VideoUploaderView+Factory.swift */ = {isa = PBXFileReference; lastKnownFileType = sourcecode.swift; path = "VideoUploaderView+Factory.swift"; sourceTree = "<group>"; };
		77950FA62ADEBB0D0091A498 /* VideoListRow.swift */ = {isa = PBXFileReference; lastKnownFileType = sourcecode.swift; path = VideoListRow.swift; sourceTree = "<group>"; };
		77950FAF2AE2D3340091A498 /* VideoPlayerDemoView.swift */ = {isa = PBXFileReference; fileEncoding = 4; lastKnownFileType = sourcecode.swift; path = VideoPlayerDemoView.swift; sourceTree = "<group>"; };
		77C1421F2AD02EF100B419FB /* Info.plist */ = {isa = PBXFileReference; lastKnownFileType = text.plist; path = Info.plist; sourceTree = "<group>"; };
		77FB975C2AD9AD0B004CED84 /* AppDelegate.swift */ = {isa = PBXFileReference; lastKnownFileType = sourcecode.swift; path = AppDelegate.swift; sourceTree = "<group>"; };
		77FB976A2ADD339C004CED84 /* VideoUploaderViewModel.swift */ = {isa = PBXFileReference; lastKnownFileType = sourcecode.swift; path = VideoUploaderViewModel.swift; sourceTree = "<group>"; };
		77FB976C2ADD5E0C004CED84 /* BunnyNetService.swift */ = {isa = PBXFileReference; lastKnownFileType = sourcecode.swift; path = BunnyNetService.swift; sourceTree = "<group>"; };
/* End PBXFileReference section */

/* Begin PBXFrameworksBuildPhase section */
		778947352ACFFEFD00DAF8DB /* Frameworks */ = {
			isa = PBXFrameworksBuildPhase;
			buildActionMask = 2147483647;
			files = (
				77950FB22AE2D36A0091A498 /* BunnyNetVideoPlayer in Frameworks */,
				778947552AD0037900DAF8DB /* BunnyNetClient in Frameworks */,
				7789CFA42AD6AD6800CC8BCE /* BunnyNetVideoUploader in Frameworks */,
			);
			runOnlyForDeploymentPostprocessing = 0;
		};
/* End PBXFrameworksBuildPhase section */

/* Begin PBXGroup section */
		77116BDC2AFEC3D9000BB64C /* Player */ = {
			isa = PBXGroup;
			children = (
				77950FAF2AE2D3340091A498 /* VideoPlayerDemoView.swift */,
			);
			path = Player;
			sourceTree = "<group>";
		};
		7747D2232AD01D9C005A1070 /* Packages */ = {
			isa = PBXGroup;
			children = (
				7747D2242AD01D9C005A1070 /* bunny-stream-ios */,
			);
			name = Packages;
			sourceTree = "<group>";
		};
		7789472F2ACFFEFD00DAF8DB = {
			isa = PBXGroup;
			children = (
				7747D2232AD01D9C005A1070 /* Packages */,
				7789473A2ACFFEFD00DAF8DB /* Example-App */,
				778947392ACFFEFD00DAF8DB /* Products */,
				7789CFA22AD6AD6800CC8BCE /* Frameworks */,
			);
			sourceTree = "<group>";
		};
		778947392ACFFEFD00DAF8DB /* Products */ = {
			isa = PBXGroup;
			children = (
				778947382ACFFEFD00DAF8DB /* Example-App.app */,
			);
			name = Products;
			sourceTree = "<group>";
		};
		7789473A2ACFFEFD00DAF8DB /* Example-App */ = {
			isa = PBXGroup;
			children = (
				77C1421F2AD02EF100B419FB /* Info.plist */,
				7789474B2AD002CA00DAF8DB /* Scenes */,
				7789474A2AD002B900DAF8DB /* Resources */,
				778947492AD002AF00DAF8DB /* App */,
				778947412ACFFEFF00DAF8DB /* Preview Content */,
			);
			path = "Example-App";
			sourceTree = "<group>";
		};
		778947412ACFFEFF00DAF8DB /* Preview Content */ = {
			isa = PBXGroup;
			children = (
				778947422ACFFEFF00DAF8DB /* Preview Assets.xcassets */,
			);
			path = "Preview Content";
			sourceTree = "<group>";
		};
		778947492AD002AF00DAF8DB /* App */ = {
			isa = PBXGroup;
			children = (
				7742EC8D2AD93E6A0043D2BF /* DependenciesManager.swift */,
				7789473B2ACFFEFD00DAF8DB /* ExampleApp.swift */,
				7789473D2ACFFEFD00DAF8DB /* ContentView.swift */,
				778947512AD0035900DAF8DB /* BunnyNetClient+Extension.swift */,
				77FB975C2AD9AD0B004CED84 /* AppDelegate.swift */,
				77116BDA2AFEBFA8000BB64C /* DefaultTextField.swift */,
			);
			path = App;
			sourceTree = "<group>";
		};
		7789474A2AD002B900DAF8DB /* Resources */ = {
			isa = PBXGroup;
			children = (
				7789473F2ACFFEFF00DAF8DB /* Assets.xcassets */,
			);
			path = Resources;
			sourceTree = "<group>";
		};
		7789474B2AD002CA00DAF8DB /* Scenes */ = {
			isa = PBXGroup;
			children = (
				77950FAE2AE2D3340091A498 /* VideoPlayerDemo */,
				7789CFA82AD6C8AB00CC8BCE /* Components */,
				7789CF992AD6AABC00CC8BCE /* VideoUploaderDemo */,
			);
			path = Scenes;
			sourceTree = "<group>";
		};
		7789474C2AD002CF00DAF8DB /* VideoList */ = {
			isa = PBXGroup;
			children = (
				7789474D2AD0032900DAF8DB /* VideoListView.swift */,
				7789474F2AD0033800DAF8DB /* VideoListViewModel.swift */,
				77950FA62ADEBB0D0091A498 /* VideoListRow.swift */,
				77116BD82AFE6774000BB64C /* VideoResponseInfo.swift */,
			);
			path = VideoList;
			sourceTree = "<group>";
		};
		7789CF992AD6AABC00CC8BCE /* VideoUploaderDemo */ = {
			isa = PBXGroup;
			children = (
				7789CF9D2AD6ABD500CC8BCE /* VideoUploader */,
				7789CF9A2AD6AACC00CC8BCE /* UploaderTypes */,
			);
			path = VideoUploaderDemo;
			sourceTree = "<group>";
		};
		7789CF9A2AD6AACC00CC8BCE /* UploaderTypes */ = {
			isa = PBXGroup;
			children = (
				7789CF9B2AD6AAEC00CC8BCE /* VideoUploaderTypesView.swift */,
			);
			path = UploaderTypes;
			sourceTree = "<group>";
		};
		7789CF9D2AD6ABD500CC8BCE /* VideoUploader */ = {
			isa = PBXGroup;
			children = (
				77950FA52ADDA75B0091A498 /* ViewModel */,
				77950FA42ADDA74E0091A498 /* View */,
				77950FA32ADDA7420091A498 /* Service */,
			);
			path = VideoUploader;
			sourceTree = "<group>";
		};
		7789CFA22AD6AD6800CC8BCE /* Frameworks */ = {
			isa = PBXGroup;
			children = (
			);
			name = Frameworks;
			sourceTree = "<group>";
		};
		7789CFA52AD6C85A00CC8BCE /* Rows */ = {
			isa = PBXGroup;
			children = (
				7789CFA62AD6C86E00CC8BCE /* UploadedRowView.swift */,
				7789CFAD2AD6CA2A00CC8BCE /* FailedRowView.swift */,
				7789CFAF2AD6CA6200CC8BCE /* ProgressRowView.swift */,
				7789CFB12AD6CB5B00CC8BCE /* UploadRecordRow.swift */,
			);
			path = Rows;
			sourceTree = "<group>";
		};
		7789CFA82AD6C8AB00CC8BCE /* Components */ = {
			isa = PBXGroup;
			children = (
				7789CFA92AD6C8B600CC8BCE /* UploadStatusIndicator.swift */,
				7789CFB32AD6DCCC00CC8BCE /* UploadActionImage.swift */,
				7789CFB52AD6DD0700CC8BCE /* DestructiveButton.swift */,
				770375782AD832B40034C47F /* VideoPicker.swift */,
				7703757A2AD877040034C47F /* DefaultTextFieldStyle.swift */,
			);
			path = Components;
			sourceTree = "<group>";
		};
		77950FA32ADDA7420091A498 /* Service */ = {
			isa = PBXGroup;
			children = (
				77FB976C2ADD5E0C004CED84 /* BunnyNetService.swift */,
			);
			path = Service;
			sourceTree = "<group>";
		};
		77950FA42ADDA74E0091A498 /* View */ = {
			isa = PBXGroup;
			children = (
				7789CFA52AD6C85A00CC8BCE /* Rows */,
				7789CF9E2AD6ABEC00CC8BCE /* VideoUploaderView.swift */,
				77950FA12ADDA60F0091A498 /* VideoUploaderView+Factory.swift */,
			);
			path = View;
			sourceTree = "<group>";
		};
		77950FA52ADDA75B0091A498 /* ViewModel */ = {
			isa = PBXGroup;
			children = (
				7789CFAB2AD6C8D700CC8BCE /* UploadListCategory.swift */,
				77FB976A2ADD339C004CED84 /* VideoUploaderViewModel.swift */,
			);
			path = ViewModel;
			sourceTree = "<group>";
		};
		77950FAE2AE2D3340091A498 /* VideoPlayerDemo */ = {
			isa = PBXGroup;
			children = (
				77116BDC2AFEC3D9000BB64C /* Player */,
				7789474C2AD002CF00DAF8DB /* VideoList */,
			);
			path = VideoPlayerDemo;
			sourceTree = "<group>";
		};
/* End PBXGroup section */

/* Begin PBXNativeTarget section */
		778947372ACFFEFD00DAF8DB /* Example-App */ = {
			isa = PBXNativeTarget;
			buildConfigurationList = 778947462ACFFEFF00DAF8DB /* Build configuration list for PBXNativeTarget "Example-App" */;
			buildPhases = (
				778947342ACFFEFD00DAF8DB /* Sources */,
				778947352ACFFEFD00DAF8DB /* Frameworks */,
				778947362ACFFEFD00DAF8DB /* Resources */,
			);
			buildRules = (
			);
			dependencies = (
			);
			name = "Example-App";
			packageProductDependencies = (
				778947542AD0037900DAF8DB /* BunnyNetClient */,
				7789CFA32AD6AD6800CC8BCE /* BunnyNetVideoUploader */,
				77950FB12AE2D36A0091A498 /* BunnyNetVideoPlayer */,
			);
			productName = "Example-App";
			productReference = 778947382ACFFEFD00DAF8DB /* Example-App.app */;
			productType = "com.apple.product-type.application";
		};
/* End PBXNativeTarget section */

/* Begin PBXProject section */
		778947302ACFFEFD00DAF8DB /* Project object */ = {
			isa = PBXProject;
			attributes = {
				BuildIndependentTargetsInParallel = 1;
				LastSwiftUpdateCheck = 1500;
				LastUpgradeCheck = 1500;
				TargetAttributes = {
					778947372ACFFEFD00DAF8DB = {
						CreatedOnToolsVersion = 15.0;
					};
				};
			};
			buildConfigurationList = 778947332ACFFEFD00DAF8DB /* Build configuration list for PBXProject "Example-App" */;
			compatibilityVersion = "Xcode 14.0";
			developmentRegion = en;
			hasScannedForEncodings = 0;
			knownRegions = (
				en,
				Base,
			);
			mainGroup = 7789472F2ACFFEFD00DAF8DB;
			packageReferences = (
			);
			productRefGroup = 778947392ACFFEFD00DAF8DB /* Products */;
			projectDirPath = "";
			projectRoot = "";
			targets = (
				778947372ACFFEFD00DAF8DB /* Example-App */,
			);
		};
/* End PBXProject section */

/* Begin PBXResourcesBuildPhase section */
		778947362ACFFEFD00DAF8DB /* Resources */ = {
			isa = PBXResourcesBuildPhase;
			buildActionMask = 2147483647;
			files = (
				778947432ACFFEFF00DAF8DB /* Preview Assets.xcassets in Resources */,
				778947402ACFFEFF00DAF8DB /* Assets.xcassets in Resources */,
			);
			runOnlyForDeploymentPostprocessing = 0;
		};
/* End PBXResourcesBuildPhase section */

/* Begin PBXSourcesBuildPhase section */
		778947342ACFFEFD00DAF8DB /* Sources */ = {
			isa = PBXSourcesBuildPhase;
			buildActionMask = 2147483647;
			files = (
				77950FB02AE2D3340091A498 /* VideoPlayerDemoView.swift in Sources */,
				7789CFB42AD6DCCC00CC8BCE /* UploadActionImage.swift in Sources */,
				77950FA22ADDA60F0091A498 /* VideoUploaderView+Factory.swift in Sources */,
				7789CFAE2AD6CA2A00CC8BCE /* FailedRowView.swift in Sources */,
				77FB975D2AD9AD0B004CED84 /* AppDelegate.swift in Sources */,
				7789CF9C2AD6AAEC00CC8BCE /* VideoUploaderTypesView.swift in Sources */,
				7789CFA72AD6C86E00CC8BCE /* UploadedRowView.swift in Sources */,
				7703757B2AD877040034C47F /* DefaultTextFieldStyle.swift in Sources */,
				770375792AD832B40034C47F /* VideoPicker.swift in Sources */,
				7789CFB62AD6DD0700CC8BCE /* DestructiveButton.swift in Sources */,
				7789473E2ACFFEFD00DAF8DB /* ContentView.swift in Sources */,
				7789474E2AD0032900DAF8DB /* VideoListView.swift in Sources */,
				7789CFAC2AD6C8D700CC8BCE /* UploadListCategory.swift in Sources */,
				77116BDB2AFEBFA8000BB64C /* DefaultTextField.swift in Sources */,
				7789CFAA2AD6C8B600CC8BCE /* UploadStatusIndicator.swift in Sources */,
				778947522AD0035900DAF8DB /* BunnyNetClient+Extension.swift in Sources */,
				7789CFB02AD6CA6200CC8BCE /* ProgressRowView.swift in Sources */,
				778947502AD0033800DAF8DB /* VideoListViewModel.swift in Sources */,
				7742EC8E2AD93E6A0043D2BF /* DependenciesManager.swift in Sources */,
				77FB976D2ADD5E0C004CED84 /* BunnyNetService.swift in Sources */,
				7789CFB22AD6CB5B00CC8BCE /* UploadRecordRow.swift in Sources */,
				77FB976B2ADD339C004CED84 /* VideoUploaderViewModel.swift in Sources */,
				7789CF9F2AD6ABEC00CC8BCE /* VideoUploaderView.swift in Sources */,
				77116BD92AFE6774000BB64C /* VideoResponseInfo.swift in Sources */,
				7789473C2ACFFEFD00DAF8DB /* ExampleApp.swift in Sources */,
				77950FA72ADEBB0D0091A498 /* VideoListRow.swift in Sources */,
			);
			runOnlyForDeploymentPostprocessing = 0;
		};
/* End PBXSourcesBuildPhase section */

/* Begin XCBuildConfiguration section */
		778947442ACFFEFF00DAF8DB /* Debug */ = {
			isa = XCBuildConfiguration;
			buildSettings = {
				ALWAYS_SEARCH_USER_PATHS = NO;
				ASSETCATALOG_COMPILER_GENERATE_SWIFT_ASSET_SYMBOL_EXTENSIONS = YES;
				CLANG_ANALYZER_NONNULL = YES;
				CLANG_ANALYZER_NUMBER_OBJECT_CONVERSION = YES_AGGRESSIVE;
				CLANG_CXX_LANGUAGE_STANDARD = "gnu++20";
				CLANG_ENABLE_MODULES = YES;
				CLANG_ENABLE_OBJC_ARC = YES;
				CLANG_ENABLE_OBJC_WEAK = YES;
				CLANG_WARN_BLOCK_CAPTURE_AUTORELEASING = YES;
				CLANG_WARN_BOOL_CONVERSION = YES;
				CLANG_WARN_COMMA = YES;
				CLANG_WARN_CONSTANT_CONVERSION = YES;
				CLANG_WARN_DEPRECATED_OBJC_IMPLEMENTATIONS = YES;
				CLANG_WARN_DIRECT_OBJC_ISA_USAGE = YES_ERROR;
				CLANG_WARN_DOCUMENTATION_COMMENTS = YES;
				CLANG_WARN_EMPTY_BODY = YES;
				CLANG_WARN_ENUM_CONVERSION = YES;
				CLANG_WARN_INFINITE_RECURSION = YES;
				CLANG_WARN_INT_CONVERSION = YES;
				CLANG_WARN_NON_LITERAL_NULL_CONVERSION = YES;
				CLANG_WARN_OBJC_IMPLICIT_RETAIN_SELF = YES;
				CLANG_WARN_OBJC_LITERAL_CONVERSION = YES;
				CLANG_WARN_OBJC_ROOT_CLASS = YES_ERROR;
				CLANG_WARN_QUOTED_INCLUDE_IN_FRAMEWORK_HEADER = YES;
				CLANG_WARN_RANGE_LOOP_ANALYSIS = YES;
				CLANG_WARN_STRICT_PROTOTYPES = YES;
				CLANG_WARN_SUSPICIOUS_MOVE = YES;
				CLANG_WARN_UNGUARDED_AVAILABILITY = YES_AGGRESSIVE;
				CLANG_WARN_UNREACHABLE_CODE = YES;
				CLANG_WARN__DUPLICATE_METHOD_MATCH = YES;
				COPY_PHASE_STRIP = NO;
				DEBUG_INFORMATION_FORMAT = dwarf;
				ENABLE_STRICT_OBJC_MSGSEND = YES;
				ENABLE_TESTABILITY = YES;
				ENABLE_USER_SCRIPT_SANDBOXING = YES;
				GCC_C_LANGUAGE_STANDARD = gnu17;
				GCC_DYNAMIC_NO_PIC = NO;
				GCC_NO_COMMON_BLOCKS = YES;
				GCC_OPTIMIZATION_LEVEL = 0;
				GCC_PREPROCESSOR_DEFINITIONS = (
					"DEBUG=1",
					"$(inherited)",
				);
				GCC_WARN_64_TO_32_BIT_CONVERSION = YES;
				GCC_WARN_ABOUT_RETURN_TYPE = YES_ERROR;
				GCC_WARN_UNDECLARED_SELECTOR = YES;
				GCC_WARN_UNINITIALIZED_AUTOS = YES_AGGRESSIVE;
				GCC_WARN_UNUSED_FUNCTION = YES;
				GCC_WARN_UNUSED_VARIABLE = YES;
				IPHONEOS_DEPLOYMENT_TARGET = 16.0;
				LOCALIZATION_PREFERS_STRING_CATALOGS = YES;
				MTL_ENABLE_DEBUG_INFO = INCLUDE_SOURCE;
				MTL_FAST_MATH = YES;
				ONLY_ACTIVE_ARCH = YES;
				SDKROOT = iphoneos;
				SWIFT_ACTIVE_COMPILATION_CONDITIONS = "DEBUG $(inherited)";
				SWIFT_OPTIMIZATION_LEVEL = "-Onone";
			};
			name = Debug;
		};
		778947452ACFFEFF00DAF8DB /* Release */ = {
			isa = XCBuildConfiguration;
			buildSettings = {
				ALWAYS_SEARCH_USER_PATHS = NO;
				ASSETCATALOG_COMPILER_GENERATE_SWIFT_ASSET_SYMBOL_EXTENSIONS = YES;
				CLANG_ANALYZER_NONNULL = YES;
				CLANG_ANALYZER_NUMBER_OBJECT_CONVERSION = YES_AGGRESSIVE;
				CLANG_CXX_LANGUAGE_STANDARD = "gnu++20";
				CLANG_ENABLE_MODULES = YES;
				CLANG_ENABLE_OBJC_ARC = YES;
				CLANG_ENABLE_OBJC_WEAK = YES;
				CLANG_WARN_BLOCK_CAPTURE_AUTORELEASING = YES;
				CLANG_WARN_BOOL_CONVERSION = YES;
				CLANG_WARN_COMMA = YES;
				CLANG_WARN_CONSTANT_CONVERSION = YES;
				CLANG_WARN_DEPRECATED_OBJC_IMPLEMENTATIONS = YES;
				CLANG_WARN_DIRECT_OBJC_ISA_USAGE = YES_ERROR;
				CLANG_WARN_DOCUMENTATION_COMMENTS = YES;
				CLANG_WARN_EMPTY_BODY = YES;
				CLANG_WARN_ENUM_CONVERSION = YES;
				CLANG_WARN_INFINITE_RECURSION = YES;
				CLANG_WARN_INT_CONVERSION = YES;
				CLANG_WARN_NON_LITERAL_NULL_CONVERSION = YES;
				CLANG_WARN_OBJC_IMPLICIT_RETAIN_SELF = YES;
				CLANG_WARN_OBJC_LITERAL_CONVERSION = YES;
				CLANG_WARN_OBJC_ROOT_CLASS = YES_ERROR;
				CLANG_WARN_QUOTED_INCLUDE_IN_FRAMEWORK_HEADER = YES;
				CLANG_WARN_RANGE_LOOP_ANALYSIS = YES;
				CLANG_WARN_STRICT_PROTOTYPES = YES;
				CLANG_WARN_SUSPICIOUS_MOVE = YES;
				CLANG_WARN_UNGUARDED_AVAILABILITY = YES_AGGRESSIVE;
				CLANG_WARN_UNREACHABLE_CODE = YES;
				CLANG_WARN__DUPLICATE_METHOD_MATCH = YES;
				COPY_PHASE_STRIP = NO;
				DEBUG_INFORMATION_FORMAT = "dwarf-with-dsym";
				ENABLE_NS_ASSERTIONS = NO;
				ENABLE_STRICT_OBJC_MSGSEND = YES;
				ENABLE_USER_SCRIPT_SANDBOXING = YES;
				GCC_C_LANGUAGE_STANDARD = gnu17;
				GCC_NO_COMMON_BLOCKS = YES;
				GCC_WARN_64_TO_32_BIT_CONVERSION = YES;
				GCC_WARN_ABOUT_RETURN_TYPE = YES_ERROR;
				GCC_WARN_UNDECLARED_SELECTOR = YES;
				GCC_WARN_UNINITIALIZED_AUTOS = YES_AGGRESSIVE;
				GCC_WARN_UNUSED_FUNCTION = YES;
				GCC_WARN_UNUSED_VARIABLE = YES;
				IPHONEOS_DEPLOYMENT_TARGET = 16.0;
				LOCALIZATION_PREFERS_STRING_CATALOGS = YES;
				MTL_ENABLE_DEBUG_INFO = NO;
				MTL_FAST_MATH = YES;
				SDKROOT = iphoneos;
				SWIFT_COMPILATION_MODE = wholemodule;
				VALIDATE_PRODUCT = YES;
			};
			name = Release;
		};
		778947472ACFFEFF00DAF8DB /* Debug */ = {
			isa = XCBuildConfiguration;
			buildSettings = {
				ASSETCATALOG_COMPILER_APPICON_NAME = AppIcon;
				ASSETCATALOG_COMPILER_GLOBAL_ACCENT_COLOR_NAME = AccentColor;
				"CODE_SIGN_IDENTITY[sdk=iphoneos*]" = "iPhone Developer";
				CODE_SIGN_STYLE = Manual;
				CURRENT_PROJECT_VERSION = 2;
				DEVELOPMENT_ASSET_PATHS = "\"Example-App/Preview Content\"";
				DEVELOPMENT_TEAM = "";
				"DEVELOPMENT_TEAM[sdk=iphoneos*]" = GX6PPA6X9F;
				ENABLE_PREVIEWS = YES;
				GENERATE_INFOPLIST_FILE = YES;
				INFOPLIST_FILE = "Example-App/Info.plist";
				INFOPLIST_KEY_CFBundleDisplayName = BunnyStreamSDK;
				INFOPLIST_KEY_UIApplicationSceneManifest_Generation = YES;
				INFOPLIST_KEY_UIApplicationSupportsIndirectInputEvents = YES;
				INFOPLIST_KEY_UILaunchScreen_Generation = YES;
				INFOPLIST_KEY_UISupportedInterfaceOrientations_iPad = "UIInterfaceOrientationPortrait UIInterfaceOrientationPortraitUpsideDown UIInterfaceOrientationLandscapeLeft UIInterfaceOrientationLandscapeRight";
				INFOPLIST_KEY_UISupportedInterfaceOrientations_iPhone = "UIInterfaceOrientationPortrait UIInterfaceOrientationLandscapeLeft UIInterfaceOrientationLandscapeRight";
				IPHONEOS_DEPLOYMENT_TARGET = 16.0;
				LD_RUNPATH_SEARCH_PATHS = (
					"$(inherited)",
					"@executable_path/Frameworks",
				);
				MACOSX_DEPLOYMENT_TARGET = 13.0;
				MARKETING_VERSION = 1.0;
				PRODUCT_BUNDLE_IDENTIFIER = net.bunny.StreamSDKDemo;
				PRODUCT_NAME = "$(TARGET_NAME)";
				PROVISIONING_PROFILE_SPECIFIER = "";
				"PROVISIONING_PROFILE_SPECIFIER[sdk=iphoneos*]" = "Stream SDK Demo App Development profile";
				SWIFT_EMIT_LOC_STRINGS = YES;
				SWIFT_VERSION = 5.0;
				TARGETED_DEVICE_FAMILY = "1,2";
			};
			name = Debug;
		};
		778947482ACFFEFF00DAF8DB /* Release */ = {
			isa = XCBuildConfiguration;
			buildSettings = {
				ASSETCATALOG_COMPILER_APPICON_NAME = AppIcon;
				ASSETCATALOG_COMPILER_GLOBAL_ACCENT_COLOR_NAME = AccentColor;
				"CODE_SIGN_IDENTITY[sdk=iphoneos*]" = "iPhone Distribution";
				CODE_SIGN_STYLE = Manual;
				CURRENT_PROJECT_VERSION = 2;
				DEVELOPMENT_ASSET_PATHS = "\"Example-App/Preview Content\"";
				DEVELOPMENT_TEAM = "";
				"DEVELOPMENT_TEAM[sdk=iphoneos*]" = GX6PPA6X9F;
				ENABLE_PREVIEWS = YES;
				GENERATE_INFOPLIST_FILE = YES;
				INFOPLIST_FILE = "Example-App/Info.plist";
				INFOPLIST_KEY_CFBundleDisplayName = BunnyStreamSDK;
				INFOPLIST_KEY_UIApplicationSceneManifest_Generation = YES;
				INFOPLIST_KEY_UIApplicationSupportsIndirectInputEvents = YES;
				INFOPLIST_KEY_UILaunchScreen_Generation = YES;
				INFOPLIST_KEY_UISupportedInterfaceOrientations_iPad = "UIInterfaceOrientationPortrait UIInterfaceOrientationPortraitUpsideDown UIInterfaceOrientationLandscapeLeft UIInterfaceOrientationLandscapeRight";
				INFOPLIST_KEY_UISupportedInterfaceOrientations_iPhone = "UIInterfaceOrientationPortrait UIInterfaceOrientationLandscapeLeft UIInterfaceOrientationLandscapeRight";
				IPHONEOS_DEPLOYMENT_TARGET = 16.0;
				LD_RUNPATH_SEARCH_PATHS = (
					"$(inherited)",
					"@executable_path/Frameworks",
				);
				MACOSX_DEPLOYMENT_TARGET = 13.0;
				MARKETING_VERSION = 1.0;
				PRODUCT_BUNDLE_IDENTIFIER = net.bunny.StreamSDKDemo;
				PRODUCT_NAME = "$(TARGET_NAME)";
				PROVISIONING_PROFILE_SPECIFIER = "";
				"PROVISIONING_PROFILE_SPECIFIER[sdk=iphoneos*]" = "Stream SDK Demo Provisioning profile";
				SWIFT_EMIT_LOC_STRINGS = YES;
				SWIFT_VERSION = 5.0;
				TARGETED_DEVICE_FAMILY = "1,2";
			};
			name = Release;
		};
/* End XCBuildConfiguration section */

/* Begin XCConfigurationList section */
		778947332ACFFEFD00DAF8DB /* Build configuration list for PBXProject "Example-App" */ = {
			isa = XCConfigurationList;
			buildConfigurations = (
				778947442ACFFEFF00DAF8DB /* Debug */,
				778947452ACFFEFF00DAF8DB /* Release */,
			);
			defaultConfigurationIsVisible = 0;
			defaultConfigurationName = Release;
		};
		778947462ACFFEFF00DAF8DB /* Build configuration list for PBXNativeTarget "Example-App" */ = {
			isa = XCConfigurationList;
			buildConfigurations = (
				778947472ACFFEFF00DAF8DB /* Debug */,
				778947482ACFFEFF00DAF8DB /* Release */,
			);
			defaultConfigurationIsVisible = 0;
			defaultConfigurationName = Release;
		};
/* End XCConfigurationList section */

/* Begin XCSwiftPackageProductDependency section */
		778947542AD0037900DAF8DB /* BunnyNetClient */ = {
			isa = XCSwiftPackageProductDependency;
			productName = BunnyNetClient;
		};
		7789CFA32AD6AD6800CC8BCE /* BunnyNetVideoUploader */ = {
			isa = XCSwiftPackageProductDependency;
			productName = BunnyNetVideoUploader;
		};
		77950FB12AE2D36A0091A498 /* BunnyNetVideoPlayer */ = {
			isa = XCSwiftPackageProductDependency;
			productName = BunnyNetVideoPlayer;
		};
/* End XCSwiftPackageProductDependency section */
	};
	rootObject = 778947302ACFFEFD00DAF8DB /* Project object */;
}
